
Microsoft Visual Studio Solution File, Format Version 12.00
# Visual Studio Version 17
VisualStudioVersion = 17.2.32616.157
MinimumVisualStudioVersion = 10.0.40219.1
Project("{FAE04EC0-301F-11D3-BF4B-00C04F79EFBC}") = "HelloWorld", "HelloWorld\HelloWorld.csproj", "{BA4DA074-4226-4126-97AE-CA4E52854D7C}"
EndProject
Global
	GlobalSection(SolutionConfigurationPlatforms) = preSolution
		Debug|Any CPU = Debug|Any CPU
		Release|Any CPU = Release|Any CPU
	EndGlobalSection
	GlobalSection(ProjectConfigurationPlatforms) = postSolution
		{BA4DA074-4226-4126-97AE-CA4E52854D7C}.Debug|Any CPU.ActiveCfg = Debug|Any CPU
		{BA4DA074-4226-4126-97AE-CA4E52854D7C}.Debug|Any CPU.Build.0 = Debug|Any CPU
		{BA4DA074-4226-4126-97AE-CA4E52854D7C}.Release|Any CPU.ActiveCfg = Release|Any CPU
		{BA4DA074-4226-4126-97AE-CA4E52854D7C}.Release|Any CPU.Build.0 = Release|Any CPU
	EndGlobalSection
	GlobalSection(SolutionProperties) = preSolution
		HideSolutionNode = FALSE
	EndGlobalSection
	GlobalSection(ExtensibilityGlobals) = postSolution
		SolutionGuid = {055FD7B2-0830-4238-8277-52B991D38638}
	EndGlobalSection
EndGlobal
