
Microsoft Visual Studio Solution File, Format Version 12.00
# Visual Studio Version 17
VisualStudioVersion = 17.2.32602.215
MinimumVisualStudioVersion = 10.0.40219.1
Project("{FAE04EC0-301F-11D3-BF4B-00C04F79EFBC}") = "YCBackendLesson", "YCBackendLesson\YCBackendLesson.csproj", "{40B9F157-BE0E-4BF5-A9D0-9CDACCC5E9A4}"
EndProject
Project("{FAE04EC0-301F-11D3-BF4B-00C04F79EFBC}") = "DatabaseContextYC", "DatabaseContextYC\DatabaseContextYC.csproj", "{9685409E-6E5B-4FB3-B1C7-BC2D21D6AA85}"
EndProject
Global
	GlobalSection(SolutionConfigurationPlatforms) = preSolution
		Debug|Any CPU = Debug|Any CPU
		Release|Any CPU = Release|Any CPU
	EndGlobalSection
	GlobalSection(ProjectConfigurationPlatforms) = postSolution
		{40B9F157-BE0E-4BF5-A9D0-9CDACCC5E9A4}.Debug|Any CPU.ActiveCfg = Debug|Any CPU
		{40B9F157-BE0E-4BF5-A9D0-9CDACCC5E9A4}.Debug|Any CPU.Build.0 = Debug|Any CPU
		{40B9F157-BE0E-4BF5-A9D0-9CDACCC5E9A4}.Release|Any CPU.ActiveCfg = Release|Any CPU
		{40B9F157-BE0E-4BF5-A9D0-9CDACCC5E9A4}.Release|Any CPU.Build.0 = Release|Any CPU
		{9685409E-6E5B-4FB3-B1C7-BC2D21D6AA85}.Debug|Any CPU.ActiveCfg = Debug|Any CPU
		{9685409E-6E5B-4FB3-B1C7-BC2D21D6AA85}.Debug|Any CPU.Build.0 = Debug|Any CPU
		{9685409E-6E5B-4FB3-B1C7-BC2D21D6AA85}.Release|Any CPU.ActiveCfg = Release|Any CPU
		{9685409E-6E5B-4FB3-B1C7-BC2D21D6AA85}.Release|Any CPU.Build.0 = Release|Any CPU
	EndGlobalSection
	GlobalSection(SolutionProperties) = preSolution
		HideSolutionNode = FALSE
	EndGlobalSection
	GlobalSection(ExtensibilityGlobals) = postSolution
		SolutionGuid = {96F8D066-3BDD-4711-B3CB-68B42324DC79}
	EndGlobalSection
EndGlobal
