
Microsoft Visual Studio Solution File, Format Version 12.00
# Visual Studio Version 17
VisualStudioVersion = 17.2.32616.157
MinimumVisualStudioVersion = 10.0.40219.1
Project("{FAE04EC0-301F-11D3-BF4B-00C04F79EFBC}") = "YCBackendHomePractice", "YCBackendHomePractice\YCBackendHomePractice.csproj", "{B19B5632-89EA-408E-A5D3-877CF9B6FE77}"
EndProject
Project("{FAE04EC0-301F-11D3-BF4B-00C04F79EFBC}") = "ZDatabaseContext", "ZDatabaseContext\ZDatabaseContext.csproj", "{A86F0D8C-BC15-455E-A4B4-8FD3583D0B07}"
EndProject
Global
	GlobalSection(SolutionConfigurationPlatforms) = preSolution
		Debug|Any CPU = Debug|Any CPU
		Release|Any CPU = Release|Any CPU
	EndGlobalSection
	GlobalSection(ProjectConfigurationPlatforms) = postSolution
		{B19B5632-89EA-408E-A5D3-877CF9B6FE77}.Debug|Any CPU.ActiveCfg = Debug|Any CPU
		{B19B5632-89EA-408E-A5D3-877CF9B6FE77}.Debug|Any CPU.Build.0 = Debug|Any CPU
		{B19B5632-89EA-408E-A5D3-877CF9B6FE77}.Release|Any CPU.ActiveCfg = Release|Any CPU
		{B19B5632-89EA-408E-A5D3-877CF9B6FE77}.Release|Any CPU.Build.0 = Release|Any CPU
		{A86F0D8C-BC15-455E-A4B4-8FD3583D0B07}.Debug|Any CPU.ActiveCfg = Debug|Any CPU
		{A86F0D8C-BC15-455E-A4B4-8FD3583D0B07}.Debug|Any CPU.Build.0 = Debug|Any CPU
		{A86F0D8C-BC15-455E-A4B4-8FD3583D0B07}.Release|Any CPU.ActiveCfg = Release|Any CPU
		{A86F0D8C-BC15-455E-A4B4-8FD3583D0B07}.Release|Any CPU.Build.0 = Release|Any CPU
	EndGlobalSection
	GlobalSection(SolutionProperties) = preSolution
		HideSolutionNode = FALSE
	EndGlobalSection
	GlobalSection(ExtensibilityGlobals) = postSolution
		SolutionGuid = {63248EA0-0471-431B-9F13-3A5B48AB2066}
	EndGlobalSection
EndGlobal
